
Microsoft Visual Studio Solution File, Format Version 12.00
# Visual Studio Version 17
VisualStudioVersion = 17.4.33213.308
MinimumVisualStudioVersion = 10.0.40219.1
Project("{FAE04EC0-301F-11D3-BF4B-00C04F79EFBC}") = "Wonsy", "Wonsy\Wonsy.csproj", "{DFC7AE1B-DB69-45E6-80E3-B68DEAA54601}"
EndProject
Global
	GlobalSection(SolutionConfigurationPlatforms) = preSolution
		Debug|Any CPU = Debug|Any CPU
		Release|Any CPU = Release|Any CPU
	EndGlobalSection
	GlobalSection(ProjectConfigurationPlatforms) = postSolution
		{DFC7AE1B-DB69-45E6-80E3-B68DEAA54601}.Debug|Any CPU.ActiveCfg = Debug|Any CPU
		{DFC7AE1B-DB69-45E6-80E3-B68DEAA54601}.Debug|Any CPU.Build.0 = Debug|Any CPU
		{DFC7AE1B-DB69-45E6-80E3-B68DEAA54601}.Release|Any CPU.ActiveCfg = Release|Any CPU
		{DFC7AE1B-DB69-45E6-80E3-B68DEAA54601}.Release|Any CPU.Build.0 = Release|Any CPU
	EndGlobalSection
	GlobalSection(SolutionProperties) = preSolution
		HideSolutionNode = FALSE
	EndGlobalSection
	GlobalSection(ExtensibilityGlobals) = postSolution
		SolutionGuid = {20A5E5C4-DD05-4811-811E-8EA35E0C649E}
	EndGlobalSection
EndGlobal
